
Microsoft Visual Studio Solution File, Format Version 12.00
# Visual Studio Version 17
VisualStudioVersion = 17.0.32014.148
MinimumVisualStudioVersion = 10.0.40219.1
Project("{FAE04EC0-301F-11D3-BF4B-00C04F79EFBC}") = "NetConfPueblaServe", "NetConfPueblaServe\NetConfPueblaServe.csproj", "{DCC71FD9-9307-41AB-A51E-D9CD30FD13FC}"
EndProject
Project("{FAE04EC0-301F-11D3-BF4B-00C04F79EFBC}") = "NetConfPuebla", "NetConfPuebla\NetConfPuebla.csproj", "{E976295C-B861-4AB9-8C4C-3E0892762C39}"
EndProject
Project("{FAE04EC0-301F-11D3-BF4B-00C04F79EFBC}") = "NetConfPuebla.WpfClient", "NetConfPuebla.WpfClient\NetConfPuebla.WpfClient.csproj", "{443D8808-469B-4147-89DE-22DA95086C43}"
EndProject
Global
	GlobalSection(SolutionConfigurationPlatforms) = preSolution
		Debug|Any CPU = Debug|Any CPU
		Release|Any CPU = Release|Any CPU
	EndGlobalSection
	GlobalSection(ProjectConfigurationPlatforms) = postSolution
		{DCC71FD9-9307-41AB-A51E-D9CD30FD13FC}.Debug|Any CPU.ActiveCfg = Debug|Any CPU
		{DCC71FD9-9307-41AB-A51E-D9CD30FD13FC}.Debug|Any CPU.Build.0 = Debug|Any CPU
		{DCC71FD9-9307-41AB-A51E-D9CD30FD13FC}.Release|Any CPU.ActiveCfg = Release|Any CPU
		{DCC71FD9-9307-41AB-A51E-D9CD30FD13FC}.Release|Any CPU.Build.0 = Release|Any CPU
		{E976295C-B861-4AB9-8C4C-3E0892762C39}.Debug|Any CPU.ActiveCfg = Debug|Any CPU
		{E976295C-B861-4AB9-8C4C-3E0892762C39}.Debug|Any CPU.Build.0 = Debug|Any CPU
		{E976295C-B861-4AB9-8C4C-3E0892762C39}.Release|Any CPU.ActiveCfg = Release|Any CPU
		{E976295C-B861-4AB9-8C4C-3E0892762C39}.Release|Any CPU.Build.0 = Release|Any CPU
		{443D8808-469B-4147-89DE-22DA95086C43}.Debug|Any CPU.ActiveCfg = Debug|Any CPU
		{443D8808-469B-4147-89DE-22DA95086C43}.Debug|Any CPU.Build.0 = Debug|Any CPU
		{443D8808-469B-4147-89DE-22DA95086C43}.Release|Any CPU.ActiveCfg = Release|Any CPU
		{443D8808-469B-4147-89DE-22DA95086C43}.Release|Any CPU.Build.0 = Release|Any CPU
	EndGlobalSection
	GlobalSection(SolutionProperties) = preSolution
		HideSolutionNode = FALSE
	EndGlobalSection
	GlobalSection(ExtensibilityGlobals) = postSolution
		SolutionGuid = {5F0202E2-3B04-4696-AEF7-4FE1FB09B71F}
	EndGlobalSection
EndGlobal
